
Microsoft Visual Studio Solution File, Format Version 12.00
# Visual Studio Version 17
VisualStudioVersion = 17.13.35931.197
MinimumVisualStudioVersion = 10.0.40219.1
Project("{FAE04EC0-301F-11D3-BF4B-00C04F79EFBC}") = "FK platform web", "FK platform web.csproj", "{205F79B0-4491-4233-8408-197ED3BA2E8D}"
EndProject
Global
	GlobalSection(SolutionConfigurationPlatforms) = preSolution
		Debug|Any CPU = Debug|Any CPU
		Release|Any CPU = Release|Any CPU
	EndGlobalSection
	GlobalSection(ProjectConfigurationPlatforms) = postSolution
		{205F79B0-4491-4233-8408-197ED3BA2E8D}.Debug|Any CPU.ActiveCfg = Debug|Any CPU
		{205F79B0-4491-4233-8408-197ED3BA2E8D}.Debug|Any CPU.Build.0 = Debug|Any CPU
		{205F79B0-4491-4233-8408-197ED3BA2E8D}.Release|Any CPU.ActiveCfg = Release|Any CPU
		{205F79B0-4491-4233-8408-197ED3BA2E8D}.Release|Any CPU.Build.0 = Release|Any CPU
	EndGlobalSection
	GlobalSection(SolutionProperties) = preSolution
		HideSolutionNode = FALSE
	EndGlobalSection
	GlobalSection(ExtensibilityGlobals) = postSolution
		SolutionGuid = {66171317-5267-45AD-889B-70CB9C466113}
	EndGlobalSection
EndGlobal
